// !$*UTF8*$!
{
	archiveVersion = 1;
	classes = {
	};
	objectVersion = 50;
	objects = {

/* Begin PBXBuildFile section */
		845A903423E1BEDA00DC9D5A /* AppDelegate.swift in Sources */ = {isa = PBXBuildFile; fileRef = 845A903323E1BEDA00DC9D5A /* AppDelegate.swift */; };
		845A903623E1BEDA00DC9D5A /* SceneDelegate.swift in Sources */ = {isa = PBXBuildFile; fileRef = 845A903523E1BEDA00DC9D5A /* SceneDelegate.swift */; };
		845A903B23E1BEDA00DC9D5A /* Main.storyboard in Resources */ = {isa = PBXBuildFile; fileRef = 845A903923E1BEDA00DC9D5A /* Main.storyboard */; };
		845A903D23E1BEDC00DC9D5A /* Assets.xcassets in Resources */ = {isa = PBXBuildFile; fileRef = 845A903C23E1BEDC00DC9D5A /* Assets.xcassets */; };
		845A904023E1BEDC00DC9D5A /* LaunchScreen.storyboard in Resources */ = {isa = PBXBuildFile; fileRef = 845A903E23E1BEDC00DC9D5A /* LaunchScreen.storyboard */; };
		845A904B23E1BEDC00DC9D5A /* ArcTouchWordQuizTests.swift in Sources */ = {isa = PBXBuildFile; fileRef = 845A904A23E1BEDC00DC9D5A /* ArcTouchWordQuizTests.swift */; };
		845A905623E1BEDC00DC9D5A /* ArcTouchWordQuizUITests.swift in Sources */ = {isa = PBXBuildFile; fileRef = 845A905523E1BEDC00DC9D5A /* ArcTouchWordQuizUITests.swift */; };
		845A906723E1C09700DC9D5A /* WordQuiz.swift in Sources */ = {isa = PBXBuildFile; fileRef = 845A906623E1C09700DC9D5A /* WordQuiz.swift */; };
		845A906923E1C14500DC9D5A /* WordQuizCommunicator.swift in Sources */ = {isa = PBXBuildFile; fileRef = 845A906823E1C14500DC9D5A /* WordQuizCommunicator.swift */; };
		845A906B23E1C32900DC9D5A /* Constants.swift in Sources */ = {isa = PBXBuildFile; fileRef = 845A906A23E1C32900DC9D5A /* Constants.swift */; };
		845A906D23E1C56B00DC9D5A /* HomeViewController.swift in Sources */ = {isa = PBXBuildFile; fileRef = 845A906C23E1C56B00DC9D5A /* HomeViewController.swift */; };
		845A906F23E25EE600DC9D5A /* LoadingIndicator.swift in Sources */ = {isa = PBXBuildFile; fileRef = 845A906E23E25EE600DC9D5A /* LoadingIndicator.swift */; };
		845A907123E25F0C00DC9D5A /* LoadingIndicator.xib in Resources */ = {isa = PBXBuildFile; fileRef = 845A907023E25F0C00DC9D5A /* LoadingIndicator.xib */; };
/* End PBXBuildFile section */

/* Begin PBXContainerItemProxy section */
		845A904723E1BEDC00DC9D5A /* PBXContainerItemProxy */ = {
			isa = PBXContainerItemProxy;
			containerPortal = 845A902823E1BEDA00DC9D5A /* Project object */;
			proxyType = 1;
			remoteGlobalIDString = 845A902F23E1BEDA00DC9D5A;
			remoteInfo = ArcTouchWordQuiz;
		};
		845A905223E1BEDC00DC9D5A /* PBXContainerItemProxy */ = {
			isa = PBXContainerItemProxy;
			containerPortal = 845A902823E1BEDA00DC9D5A /* Project object */;
			proxyType = 1;
			remoteGlobalIDString = 845A902F23E1BEDA00DC9D5A;
			remoteInfo = ArcTouchWordQuiz;
		};
/* End PBXContainerItemProxy section */

/* Begin PBXFileReference section */
		845A903023E1BEDA00DC9D5A /* ArcTouchWordQuiz.app */ = {isa = PBXFileReference; explicitFileType = wrapper.application; includeInIndex = 0; path = ArcTouchWordQuiz.app; sourceTree = BUILT_PRODUCTS_DIR; };
		845A903323E1BEDA00DC9D5A /* AppDelegate.swift */ = {isa = PBXFileReference; lastKnownFileType = sourcecode.swift; path = AppDelegate.swift; sourceTree = "<group>"; };
		845A903523E1BEDA00DC9D5A /* SceneDelegate.swift */ = {isa = PBXFileReference; lastKnownFileType = sourcecode.swift; path = SceneDelegate.swift; sourceTree = "<group>"; };
		845A903A23E1BEDA00DC9D5A /* Base */ = {isa = PBXFileReference; lastKnownFileType = file.storyboard; name = Base; path = Base.lproj/Main.storyboard; sourceTree = "<group>"; };
		845A903C23E1BEDC00DC9D5A /* Assets.xcassets */ = {isa = PBXFileReference; lastKnownFileType = folder.assetcatalog; path = Assets.xcassets; sourceTree = "<group>"; };
		845A903F23E1BEDC00DC9D5A /* Base */ = {isa = PBXFileReference; lastKnownFileType = file.storyboard; name = Base; path = Base.lproj/LaunchScreen.storyboard; sourceTree = "<group>"; };
		845A904123E1BEDC00DC9D5A /* Info.plist */ = {isa = PBXFileReference; lastKnownFileType = text.plist.xml; path = Info.plist; sourceTree = "<group>"; };
		845A904623E1BEDC00DC9D5A /* ArcTouchWordQuizTests.xctest */ = {isa = PBXFileReference; explicitFileType = wrapper.cfbundle; includeInIndex = 0; path = ArcTouchWordQuizTests.xctest; sourceTree = BUILT_PRODUCTS_DIR; };
		845A904A23E1BEDC00DC9D5A /* ArcTouchWordQuizTests.swift */ = {isa = PBXFileReference; lastKnownFileType = sourcecode.swift; path = ArcTouchWordQuizTests.swift; sourceTree = "<group>"; };
		845A904C23E1BEDC00DC9D5A /* Info.plist */ = {isa = PBXFileReference; lastKnownFileType = text.plist.xml; path = Info.plist; sourceTree = "<group>"; };
		845A905123E1BEDC00DC9D5A /* ArcTouchWordQuizUITests.xctest */ = {isa = PBXFileReference; explicitFileType = wrapper.cfbundle; includeInIndex = 0; path = ArcTouchWordQuizUITests.xctest; sourceTree = BUILT_PRODUCTS_DIR; };
		845A905523E1BEDC00DC9D5A /* ArcTouchWordQuizUITests.swift */ = {isa = PBXFileReference; lastKnownFileType = sourcecode.swift; path = ArcTouchWordQuizUITests.swift; sourceTree = "<group>"; };
		845A905723E1BEDC00DC9D5A /* Info.plist */ = {isa = PBXFileReference; lastKnownFileType = text.plist.xml; path = Info.plist; sourceTree = "<group>"; };
		845A906623E1C09700DC9D5A /* WordQuiz.swift */ = {isa = PBXFileReference; lastKnownFileType = sourcecode.swift; path = WordQuiz.swift; sourceTree = "<group>"; };
		845A906823E1C14500DC9D5A /* WordQuizCommunicator.swift */ = {isa = PBXFileReference; lastKnownFileType = sourcecode.swift; path = WordQuizCommunicator.swift; sourceTree = "<group>"; };
		845A906A23E1C32900DC9D5A /* Constants.swift */ = {isa = PBXFileReference; lastKnownFileType = sourcecode.swift; path = Constants.swift; sourceTree = "<group>"; };
		845A906C23E1C56B00DC9D5A /* HomeViewController.swift */ = {isa = PBXFileReference; lastKnownFileType = sourcecode.swift; path = HomeViewController.swift; sourceTree = "<group>"; };
		845A906E23E25EE600DC9D5A /* LoadingIndicator.swift */ = {isa = PBXFileReference; lastKnownFileType = sourcecode.swift; path = LoadingIndicator.swift; sourceTree = "<group>"; };
		845A907023E25F0C00DC9D5A /* LoadingIndicator.xib */ = {isa = PBXFileReference; lastKnownFileType = file.xib; path = LoadingIndicator.xib; sourceTree = "<group>"; };
/* End PBXFileReference section */

/* Begin PBXFrameworksBuildPhase section */
		845A902D23E1BEDA00DC9D5A /* Frameworks */ = {
			isa = PBXFrameworksBuildPhase;
			buildActionMask = 2147483647;
			files = (
			);
			runOnlyForDeploymentPostprocessing = 0;
		};
		845A904323E1BEDC00DC9D5A /* Frameworks */ = {
			isa = PBXFrameworksBuildPhase;
			buildActionMask = 2147483647;
			files = (
			);
			runOnlyForDeploymentPostprocessing = 0;
		};
		845A904E23E1BEDC00DC9D5A /* Frameworks */ = {
			isa = PBXFrameworksBuildPhase;
			buildActionMask = 2147483647;
			files = (
			);
			runOnlyForDeploymentPostprocessing = 0;
		};
/* End PBXFrameworksBuildPhase section */

/* Begin PBXGroup section */
		845A902723E1BEDA00DC9D5A = {
			isa = PBXGroup;
			children = (
				845A903223E1BEDA00DC9D5A /* ArcTouchWordQuiz */,
				845A904923E1BEDC00DC9D5A /* ArcTouchWordQuizTests */,
				845A905423E1BEDC00DC9D5A /* ArcTouchWordQuizUITests */,
				845A903123E1BEDA00DC9D5A /* Products */,
			);
			sourceTree = "<group>";
		};
		845A903123E1BEDA00DC9D5A /* Products */ = {
			isa = PBXGroup;
			children = (
				845A903023E1BEDA00DC9D5A /* ArcTouchWordQuiz.app */,
				845A904623E1BEDC00DC9D5A /* ArcTouchWordQuizTests.xctest */,
				845A905123E1BEDC00DC9D5A /* ArcTouchWordQuizUITests.xctest */,
			);
			name = Products;
			sourceTree = "<group>";
		};
		845A903223E1BEDA00DC9D5A /* ArcTouchWordQuiz */ = {
			isa = PBXGroup;
			children = (
				845A906323E1BF3F00DC9D5A /* View */,
				845A906423E1BF4600DC9D5A /* ViewModel */,
				845A906523E1BF5100DC9D5A /* Model */,
				845A903323E1BEDA00DC9D5A /* AppDelegate.swift */,
				845A903523E1BEDA00DC9D5A /* SceneDelegate.swift */,
				845A903C23E1BEDC00DC9D5A /* Assets.xcassets */,
				845A903E23E1BEDC00DC9D5A /* LaunchScreen.storyboard */,
				845A904123E1BEDC00DC9D5A /* Info.plist */,
			);
			path = ArcTouchWordQuiz;
			sourceTree = "<group>";
		};
		845A904923E1BEDC00DC9D5A /* ArcTouchWordQuizTests */ = {
			isa = PBXGroup;
			children = (
				845A904A23E1BEDC00DC9D5A /* ArcTouchWordQuizTests.swift */,
				845A904C23E1BEDC00DC9D5A /* Info.plist */,
			);
			path = ArcTouchWordQuizTests;
			sourceTree = "<group>";
		};
		845A905423E1BEDC00DC9D5A /* ArcTouchWordQuizUITests */ = {
			isa = PBXGroup;
			children = (
				845A905523E1BEDC00DC9D5A /* ArcTouchWordQuizUITests.swift */,
				845A905723E1BEDC00DC9D5A /* Info.plist */,
			);
			path = ArcTouchWordQuizUITests;
			sourceTree = "<group>";
		};
		845A906323E1BF3F00DC9D5A /* View */ = {
			isa = PBXGroup;
			children = (
				845A903923E1BEDA00DC9D5A /* Main.storyboard */,
				845A906C23E1C56B00DC9D5A /* HomeViewController.swift */,
				845A906E23E25EE600DC9D5A /* LoadingIndicator.swift */,
				845A907023E25F0C00DC9D5A /* LoadingIndicator.xib */,
			);
			path = View;
			sourceTree = "<group>";
		};
		845A906423E1BF4600DC9D5A /* ViewModel */ = {
			isa = PBXGroup;
			children = (
			);
			path = ViewModel;
			sourceTree = "<group>";
		};
		845A906523E1BF5100DC9D5A /* Model */ = {
			isa = PBXGroup;
			children = (
				845A906623E1C09700DC9D5A /* WordQuiz.swift */,
				845A906823E1C14500DC9D5A /* WordQuizCommunicator.swift */,
				845A906A23E1C32900DC9D5A /* Constants.swift */,
			);
			path = Model;
			sourceTree = "<group>";
		};
/* End PBXGroup section */

/* Begin PBXNativeTarget section */
		845A902F23E1BEDA00DC9D5A /* ArcTouchWordQuiz */ = {
			isa = PBXNativeTarget;
			buildConfigurationList = 845A905A23E1BEDC00DC9D5A /* Build configuration list for PBXNativeTarget "ArcTouchWordQuiz" */;
			buildPhases = (
				845A902C23E1BEDA00DC9D5A /* Sources */,
				845A902D23E1BEDA00DC9D5A /* Frameworks */,
				845A902E23E1BEDA00DC9D5A /* Resources */,
			);
			buildRules = (
			);
			dependencies = (
			);
			name = ArcTouchWordQuiz;
			productName = ArcTouchWordQuiz;
			productReference = 845A903023E1BEDA00DC9D5A /* ArcTouchWordQuiz.app */;
			productType = "com.apple.product-type.application";
		};
		845A904523E1BEDC00DC9D5A /* ArcTouchWordQuizTests */ = {
			isa = PBXNativeTarget;
			buildConfigurationList = 845A905D23E1BEDC00DC9D5A /* Build configuration list for PBXNativeTarget "ArcTouchWordQuizTests" */;
			buildPhases = (
				845A904223E1BEDC00DC9D5A /* Sources */,
				845A904323E1BEDC00DC9D5A /* Frameworks */,
				845A904423E1BEDC00DC9D5A /* Resources */,
			);
			buildRules = (
			);
			dependencies = (
				845A904823E1BEDC00DC9D5A /* PBXTargetDependency */,
			);
			name = ArcTouchWordQuizTests;
			productName = ArcTouchWordQuizTests;
			productReference = 845A904623E1BEDC00DC9D5A /* ArcTouchWordQuizTests.xctest */;
			productType = "com.apple.product-type.bundle.unit-test";
		};
		845A905023E1BEDC00DC9D5A /* ArcTouchWordQuizUITests */ = {
			isa = PBXNativeTarget;
			buildConfigurationList = 845A906023E1BEDC00DC9D5A /* Build configuration list for PBXNativeTarget "ArcTouchWordQuizUITests" */;
			buildPhases = (
				845A904D23E1BEDC00DC9D5A /* Sources */,
				845A904E23E1BEDC00DC9D5A /* Frameworks */,
				845A904F23E1BEDC00DC9D5A /* Resources */,
			);
			buildRules = (
			);
			dependencies = (
				845A905323E1BEDC00DC9D5A /* PBXTargetDependency */,
			);
			name = ArcTouchWordQuizUITests;
			productName = ArcTouchWordQuizUITests;
			productReference = 845A905123E1BEDC00DC9D5A /* ArcTouchWordQuizUITests.xctest */;
			productType = "com.apple.product-type.bundle.ui-testing";
		};
/* End PBXNativeTarget section */

/* Begin PBXProject section */
		845A902823E1BEDA00DC9D5A /* Project object */ = {
			isa = PBXProject;
			attributes = {
				LastSwiftUpdateCheck = 1130;
				LastUpgradeCheck = 1130;
				ORGANIZATIONNAME = Victor;
				TargetAttributes = {
					845A902F23E1BEDA00DC9D5A = {
						CreatedOnToolsVersion = 11.3;
					};
					845A904523E1BEDC00DC9D5A = {
						CreatedOnToolsVersion = 11.3;
						TestTargetID = 845A902F23E1BEDA00DC9D5A;
					};
					845A905023E1BEDC00DC9D5A = {
						CreatedOnToolsVersion = 11.3;
						TestTargetID = 845A902F23E1BEDA00DC9D5A;
					};
				};
			};
			buildConfigurationList = 845A902B23E1BEDA00DC9D5A /* Build configuration list for PBXProject "ArcTouchWordQuiz" */;
			compatibilityVersion = "Xcode 9.3";
			developmentRegion = en;
			hasScannedForEncodings = 0;
			knownRegions = (
				en,
				Base,
			);
			mainGroup = 845A902723E1BEDA00DC9D5A;
			productRefGroup = 845A903123E1BEDA00DC9D5A /* Products */;
			projectDirPath = "";
			projectRoot = "";
			targets = (
				845A902F23E1BEDA00DC9D5A /* ArcTouchWordQuiz */,
				845A904523E1BEDC00DC9D5A /* ArcTouchWordQuizTests */,
				845A905023E1BEDC00DC9D5A /* ArcTouchWordQuizUITests */,
			);
		};
/* End PBXProject section */

/* Begin PBXResourcesBuildPhase section */
		845A902E23E1BEDA00DC9D5A /* Resources */ = {
			isa = PBXResourcesBuildPhase;
			buildActionMask = 2147483647;
			files = (
				845A907123E25F0C00DC9D5A /* LoadingIndicator.xib in Resources */,
				845A904023E1BEDC00DC9D5A /* LaunchScreen.storyboard in Resources */,
				845A903D23E1BEDC00DC9D5A /* Assets.xcassets in Resources */,
				845A903B23E1BEDA00DC9D5A /* Main.storyboard in Resources */,
			);
			runOnlyForDeploymentPostprocessing = 0;
		};
		845A904423E1BEDC00DC9D5A /* Resources */ = {
			isa = PBXResourcesBuildPhase;
			buildActionMask = 2147483647;
			files = (
			);
			runOnlyForDeploymentPostprocessing = 0;
		};
		845A904F23E1BEDC00DC9D5A /* Resources */ = {
			isa = PBXResourcesBuildPhase;
			buildActionMask = 2147483647;
			files = (
			);
			runOnlyForDeploymentPostprocessing = 0;
		};
/* End PBXResourcesBuildPhase section */

/* Begin PBXSourcesBuildPhase section */
		845A902C23E1BEDA00DC9D5A /* Sources */ = {
			isa = PBXSourcesBuildPhase;
			buildActionMask = 2147483647;
			files = (
				845A903423E1BEDA00DC9D5A /* AppDelegate.swift in Sources */,
				845A906723E1C09700DC9D5A /* WordQuiz.swift in Sources */,
				845A903623E1BEDA00DC9D5A /* SceneDelegate.swift in Sources */,
				845A906F23E25EE600DC9D5A /* LoadingIndicator.swift in Sources */,
				845A906923E1C14500DC9D5A /* WordQuizCommunicator.swift in Sources */,
				845A906D23E1C56B00DC9D5A /* HomeViewController.swift in Sources */,
				845A906B23E1C32900DC9D5A /* Constants.swift in Sources */,
			);
			runOnlyForDeploymentPostprocessing = 0;
		};
		845A904223E1BEDC00DC9D5A /* Sources */ = {
			isa = PBXSourcesBuildPhase;
			buildActionMask = 2147483647;
			files = (
				845A904B23E1BEDC00DC9D5A /* ArcTouchWordQuizTests.swift in Sources */,
			);
			runOnlyForDeploymentPostprocessing = 0;
		};
		845A904D23E1BEDC00DC9D5A /* Sources */ = {
			isa = PBXSourcesBuildPhase;
			buildActionMask = 2147483647;
			files = (
				845A905623E1BEDC00DC9D5A /* ArcTouchWordQuizUITests.swift in Sources */,
			);
			runOnlyForDeploymentPostprocessing = 0;
		};
/* End PBXSourcesBuildPhase section */

/* Begin PBXTargetDependency section */
		845A904823E1BEDC00DC9D5A /* PBXTargetDependency */ = {
			isa = PBXTargetDependency;
			target = 845A902F23E1BEDA00DC9D5A /* ArcTouchWordQuiz */;
			targetProxy = 845A904723E1BEDC00DC9D5A /* PBXContainerItemProxy */;
		};
		845A905323E1BEDC00DC9D5A /* PBXTargetDependency */ = {
			isa = PBXTargetDependency;
			target = 845A902F23E1BEDA00DC9D5A /* ArcTouchWordQuiz */;
			targetProxy = 845A905223E1BEDC00DC9D5A /* PBXContainerItemProxy */;
		};
/* End PBXTargetDependency section */

/* Begin PBXVariantGroup section */
		845A903923E1BEDA00DC9D5A /* Main.storyboard */ = {
			isa = PBXVariantGroup;
			children = (
				845A903A23E1BEDA00DC9D5A /* Base */,
			);
			name = Main.storyboard;
			sourceTree = "<group>";
		};
		845A903E23E1BEDC00DC9D5A /* LaunchScreen.storyboard */ = {
			isa = PBXVariantGroup;
			children = (
				845A903F23E1BEDC00DC9D5A /* Base */,
			);
			name = LaunchScreen.storyboard;
			sourceTree = "<group>";
		};
/* End PBXVariantGroup section */

/* Begin XCBuildConfiguration section */
		845A905823E1BEDC00DC9D5A /* Debug */ = {
			isa = XCBuildConfiguration;
			buildSettings = {
				ALWAYS_SEARCH_USER_PATHS = NO;
				CLANG_ANALYZER_NONNULL = YES;
				CLANG_ANALYZER_NUMBER_OBJECT_CONVERSION = YES_AGGRESSIVE;
				CLANG_CXX_LANGUAGE_STANDARD = "gnu++14";
				CLANG_CXX_LIBRARY = "libc++";
				CLANG_ENABLE_MODULES = YES;
				CLANG_ENABLE_OBJC_ARC = YES;
				CLANG_ENABLE_OBJC_WEAK = YES;
				CLANG_WARN_BLOCK_CAPTURE_AUTORELEASING = YES;
				CLANG_WARN_BOOL_CONVERSION = YES;
				CLANG_WARN_COMMA = YES;
				CLANG_WARN_CONSTANT_CONVERSION = YES;
				CLANG_WARN_DEPRECATED_OBJC_IMPLEMENTATIONS = YES;
				CLANG_WARN_DIRECT_OBJC_ISA_USAGE = YES_ERROR;
				CLANG_WARN_DOCUMENTATION_COMMENTS = YES;
				CLANG_WARN_EMPTY_BODY = YES;
				CLANG_WARN_ENUM_CONVERSION = YES;
				CLANG_WARN_INFINITE_RECURSION = YES;
				CLANG_WARN_INT_CONVERSION = YES;
				CLANG_WARN_NON_LITERAL_NULL_CONVERSION = YES;
				CLANG_WARN_OBJC_IMPLICIT_RETAIN_SELF = YES;
				CLANG_WARN_OBJC_LITERAL_CONVERSION = YES;
				CLANG_WARN_OBJC_ROOT_CLASS = YES_ERROR;
				CLANG_WARN_RANGE_LOOP_ANALYSIS = YES;
				CLANG_WARN_STRICT_PROTOTYPES = YES;
				CLANG_WARN_SUSPICIOUS_MOVE = YES;
				CLANG_WARN_UNGUARDED_AVAILABILITY = YES_AGGRESSIVE;
				CLANG_WARN_UNREACHABLE_CODE = YES;
				CLANG_WARN__DUPLICATE_METHOD_MATCH = YES;
				COPY_PHASE_STRIP = NO;
				DEBUG_INFORMATION_FORMAT = dwarf;
				ENABLE_STRICT_OBJC_MSGSEND = YES;
				ENABLE_TESTABILITY = YES;
				GCC_C_LANGUAGE_STANDARD = gnu11;
				GCC_DYNAMIC_NO_PIC = NO;
				GCC_NO_COMMON_BLOCKS = YES;
				GCC_OPTIMIZATION_LEVEL = 0;
				GCC_PREPROCESSOR_DEFINITIONS = (
					"DEBUG=1",
					"$(inherited)",
				);
				GCC_WARN_64_TO_32_BIT_CONVERSION = YES;
				GCC_WARN_ABOUT_RETURN_TYPE = YES_ERROR;
				GCC_WARN_UNDECLARED_SELECTOR = YES;
				GCC_WARN_UNINITIALIZED_AUTOS = YES_AGGRESSIVE;
				GCC_WARN_UNUSED_FUNCTION = YES;
				GCC_WARN_UNUSED_VARIABLE = YES;
				IPHONEOS_DEPLOYMENT_TARGET = 13.2;
				MTL_ENABLE_DEBUG_INFO = INCLUDE_SOURCE;
				MTL_FAST_MATH = YES;
				ONLY_ACTIVE_ARCH = YES;
				SDKROOT = iphoneos;
				SWIFT_ACTIVE_COMPILATION_CONDITIONS = DEBUG;
				SWIFT_OPTIMIZATION_LEVEL = "-Onone";
			};
			name = Debug;
		};
		845A905923E1BEDC00DC9D5A /* Release */ = {
			isa = XCBuildConfiguration;
			buildSettings = {
				ALWAYS_SEARCH_USER_PATHS = NO;
				CLANG_ANALYZER_NONNULL = YES;
				CLANG_ANALYZER_NUMBER_OBJECT_CONVERSION = YES_AGGRESSIVE;
				CLANG_CXX_LANGUAGE_STANDARD = "gnu++14";
				CLANG_CXX_LIBRARY = "libc++";
				CLANG_ENABLE_MODULES = YES;
				CLANG_ENABLE_OBJC_ARC = YES;
				CLANG_ENABLE_OBJC_WEAK = YES;
				CLANG_WARN_BLOCK_CAPTURE_AUTORELEASING = YES;
				CLANG_WARN_BOOL_CONVERSION = YES;
				CLANG_WARN_COMMA = YES;
				CLANG_WARN_CONSTANT_CONVERSION = YES;
				CLANG_WARN_DEPRECATED_OBJC_IMPLEMENTATIONS = YES;
				CLANG_WARN_DIRECT_OBJC_ISA_USAGE = YES_ERROR;
				CLANG_WARN_DOCUMENTATION_COMMENTS = YES;
				CLANG_WARN_EMPTY_BODY = YES;
				CLANG_WARN_ENUM_CONVERSION = YES;
				CLANG_WARN_INFINITE_RECURSION = YES;
				CLANG_WARN_INT_CONVERSION = YES;
				CLANG_WARN_NON_LITERAL_NULL_CONVERSION = YES;
				CLANG_WARN_OBJC_IMPLICIT_RETAIN_SELF = YES;
				CLANG_WARN_OBJC_LITERAL_CONVERSION = YES;
				CLANG_WARN_OBJC_ROOT_CLASS = YES_ERROR;
				CLANG_WARN_RANGE_LOOP_ANALYSIS = YES;
				CLANG_WARN_STRICT_PROTOTYPES = YES;
				CLANG_WARN_SUSPICIOUS_MOVE = YES;
				CLANG_WARN_UNGUARDED_AVAILABILITY = YES_AGGRESSIVE;
				CLANG_WARN_UNREACHABLE_CODE = YES;
				CLANG_WARN__DUPLICATE_METHOD_MATCH = YES;
				COPY_PHASE_STRIP = NO;
				DEBUG_INFORMATION_FORMAT = "dwarf-with-dsym";
				ENABLE_NS_ASSERTIONS = NO;
				ENABLE_STRICT_OBJC_MSGSEND = YES;
				GCC_C_LANGUAGE_STANDARD = gnu11;
				GCC_NO_COMMON_BLOCKS = YES;
				GCC_WARN_64_TO_32_BIT_CONVERSION = YES;
				GCC_WARN_ABOUT_RETURN_TYPE = YES_ERROR;
				GCC_WARN_UNDECLARED_SELECTOR = YES;
				GCC_WARN_UNINITIALIZED_AUTOS = YES_AGGRESSIVE;
				GCC_WARN_UNUSED_FUNCTION = YES;
				GCC_WARN_UNUSED_VARIABLE = YES;
				IPHONEOS_DEPLOYMENT_TARGET = 13.2;
				MTL_ENABLE_DEBUG_INFO = NO;
				MTL_FAST_MATH = YES;
				SDKROOT = iphoneos;
				SWIFT_COMPILATION_MODE = wholemodule;
				SWIFT_OPTIMIZATION_LEVEL = "-O";
				VALIDATE_PRODUCT = YES;
			};
			name = Release;
		};
		845A905B23E1BEDC00DC9D5A /* Debug */ = {
			isa = XCBuildConfiguration;
			buildSettings = {
				ASSETCATALOG_COMPILER_APPICON_NAME = AppIcon;
				CODE_SIGN_STYLE = Automatic;
				INFOPLIST_FILE = ArcTouchWordQuiz/Info.plist;
				LD_RUNPATH_SEARCH_PATHS = (
					"$(inherited)",
					"@executable_path/Frameworks",
				);
				PRODUCT_BUNDLE_IDENTIFIER = com.Victor.Oliveira.ArcTouchWordQuiz;
				PRODUCT_NAME = "$(TARGET_NAME)";
				SWIFT_VERSION = 5.0;
				TARGETED_DEVICE_FAMILY = "1,2";
			};
			name = Debug;
		};
		845A905C23E1BEDC00DC9D5A /* Release */ = {
			isa = XCBuildConfiguration;
			buildSettings = {
				ASSETCATALOG_COMPILER_APPICON_NAME = AppIcon;
				CODE_SIGN_STYLE = Automatic;
				INFOPLIST_FILE = ArcTouchWordQuiz/Info.plist;
				LD_RUNPATH_SEARCH_PATHS = (
					"$(inherited)",
					"@executable_path/Frameworks",
				);
				PRODUCT_BUNDLE_IDENTIFIER = com.Victor.Oliveira.ArcTouchWordQuiz;
				PRODUCT_NAME = "$(TARGET_NAME)";
				SWIFT_VERSION = 5.0;
				TARGETED_DEVICE_FAMILY = "1,2";
			};
			name = Release;
		};
		845A905E23E1BEDC00DC9D5A /* Debug */ = {
			isa = XCBuildConfiguration;
			buildSettings = {
				ALWAYS_EMBED_SWIFT_STANDARD_LIBRARIES = YES;
				BUNDLE_LOADER = "$(TEST_HOST)";
				CODE_SIGN_STYLE = Automatic;
				INFOPLIST_FILE = ArcTouchWordQuizTests/Info.plist;
				IPHONEOS_DEPLOYMENT_TARGET = 13.2;
				LD_RUNPATH_SEARCH_PATHS = (
					"$(inherited)",
					"@executable_path/Frameworks",
					"@loader_path/Frameworks",
				);
				PRODUCT_BUNDLE_IDENTIFIER = com.Victor.Oliveira.ArcTouchWordQuizTests;
				PRODUCT_NAME = "$(TARGET_NAME)";
				SWIFT_VERSION = 5.0;
				TARGETED_DEVICE_FAMILY = "1,2";
				TEST_HOST = "$(BUILT_PRODUCTS_DIR)/ArcTouchWordQuiz.app/ArcTouchWordQuiz";
			};
			name = Debug;
		};
		845A905F23E1BEDC00DC9D5A /* Release */ = {
			isa = XCBuildConfiguration;
			buildSettings = {
				ALWAYS_EMBED_SWIFT_STANDARD_LIBRARIES = YES;
				BUNDLE_LOADER = "$(TEST_HOST)";
				CODE_SIGN_STYLE = Automatic;
				INFOPLIST_FILE = ArcTouchWordQuizTests/Info.plist;
				IPHONEOS_DEPLOYMENT_TARGET = 13.2;
				LD_RUNPATH_SEARCH_PATHS = (
					"$(inherited)",
					"@executable_path/Frameworks",
					"@loader_path/Frameworks",
				);
				PRODUCT_BUNDLE_IDENTIFIER = com.Victor.Oliveira.ArcTouchWordQuizTests;
				PRODUCT_NAME = "$(TARGET_NAME)";
				SWIFT_VERSION = 5.0;
				TARGETED_DEVICE_FAMILY = "1,2";
				TEST_HOST = "$(BUILT_PRODUCTS_DIR)/ArcTouchWordQuiz.app/ArcTouchWordQuiz";
			};
			name = Release;
		};
		845A906123E1BEDC00DC9D5A /* Debug */ = {
			isa = XCBuildConfiguration;
			buildSettings = {
				ALWAYS_EMBED_SWIFT_STANDARD_LIBRARIES = YES;
				CODE_SIGN_STYLE = Automatic;
				INFOPLIST_FILE = ArcTouchWordQuizUITests/Info.plist;
				LD_RUNPATH_SEARCH_PATHS = (
					"$(inherited)",
					"@executable_path/Frameworks",
					"@loader_path/Frameworks",
				);
				PRODUCT_BUNDLE_IDENTIFIER = com.Victor.Oliveira.ArcTouchWordQuizUITests;
				PRODUCT_NAME = "$(TARGET_NAME)";
				SWIFT_VERSION = 5.0;
				TARGETED_DEVICE_FAMILY = "1,2";
				TEST_TARGET_NAME = ArcTouchWordQuiz;
			};
			name = Debug;
		};
		845A906223E1BEDC00DC9D5A /* Release */ = {
			isa = XCBuildConfiguration;
			buildSettings = {
				ALWAYS_EMBED_SWIFT_STANDARD_LIBRARIES = YES;
				CODE_SIGN_STYLE = Automatic;
				INFOPLIST_FILE = ArcTouchWordQuizUITests/Info.plist;
				LD_RUNPATH_SEARCH_PATHS = (
					"$(inherited)",
					"@executable_path/Frameworks",
					"@loader_path/Frameworks",
				);
				PRODUCT_BUNDLE_IDENTIFIER = com.Victor.Oliveira.ArcTouchWordQuizUITests;
				PRODUCT_NAME = "$(TARGET_NAME)";
				SWIFT_VERSION = 5.0;
				TARGETED_DEVICE_FAMILY = "1,2";
				TEST_TARGET_NAME = ArcTouchWordQuiz;
			};
			name = Release;
		};
/* End XCBuildConfiguration section */

/* Begin XCConfigurationList section */
		845A902B23E1BEDA00DC9D5A /* Build configuration list for PBXProject "ArcTouchWordQuiz" */ = {
			isa = XCConfigurationList;
			buildConfigurations = (
				845A905823E1BEDC00DC9D5A /* Debug */,
				845A905923E1BEDC00DC9D5A /* Release */,
			);
			defaultConfigurationIsVisible = 0;
			defaultConfigurationName = Release;
		};
		845A905A23E1BEDC00DC9D5A /* Build configuration list for PBXNativeTarget "ArcTouchWordQuiz" */ = {
			isa = XCConfigurationList;
			buildConfigurations = (
				845A905B23E1BEDC00DC9D5A /* Debug */,
				845A905C23E1BEDC00DC9D5A /* Release */,
			);
			defaultConfigurationIsVisible = 0;
			defaultConfigurationName = Release;
		};
		845A905D23E1BEDC00DC9D5A /* Build configuration list for PBXNativeTarget "ArcTouchWordQuizTests" */ = {
			isa = XCConfigurationList;
			buildConfigurations = (
				845A905E23E1BEDC00DC9D5A /* Debug */,
				845A905F23E1BEDC00DC9D5A /* Release */,
			);
			defaultConfigurationIsVisible = 0;
			defaultConfigurationName = Release;
		};
		845A906023E1BEDC00DC9D5A /* Build configuration list for PBXNativeTarget "ArcTouchWordQuizUITests" */ = {
			isa = XCConfigurationList;
			buildConfigurations = (
				845A906123E1BEDC00DC9D5A /* Debug */,
				845A906223E1BEDC00DC9D5A /* Release */,
			);
			defaultConfigurationIsVisible = 0;
			defaultConfigurationName = Release;
		};
/* End XCConfigurationList section */
	};
	rootObject = 845A902823E1BEDA00DC9D5A /* Project object */;
}
